
Microsoft Visual Studio Solution File, Format Version 12.00
# Visual Studio 15
VisualStudioVersion = 15.0.28307.1062
MinimumVisualStudioVersion = 10.0.40219.1
Project("{FAE04EC0-301F-11D3-BF4B-00C04F79EFBC}") = "RegsvcsUnRegBypass", "RegsvcsUnRegBypass\RegsvcsUnRegBypass.csproj", "{F08EE002-DA83-4AD0-B3E4-0C7449B12D89}"
EndProject
Global
	GlobalSection(SolutionConfigurationPlatforms) = preSolution
		Debug|Any CPU = Debug|Any CPU
		Release|Any CPU = Release|Any CPU
	EndGlobalSection
	GlobalSection(ProjectConfigurationPlatforms) = postSolution
		{F08EE002-DA83-4AD0-B3E4-0C7449B12D89}.Debug|Any CPU.ActiveCfg = Debug|Any CPU
		{F08EE002-DA83-4AD0-B3E4-0C7449B12D89}.Debug|Any CPU.Build.0 = Debug|Any CPU
		{F08EE002-DA83-4AD0-B3E4-0C7449B12D89}.Release|Any CPU.ActiveCfg = Release|Any CPU
		{F08EE002-DA83-4AD0-B3E4-0C7449B12D89}.Release|Any CPU.Build.0 = Release|Any CPU
	EndGlobalSection
	GlobalSection(SolutionProperties) = preSolution
		HideSolutionNode = FALSE
	EndGlobalSection
	GlobalSection(ExtensibilityGlobals) = postSolution
		SolutionGuid = {C5CBB980-5465-44BB-A286-D4A2D9AF55AE}
	EndGlobalSection
EndGlobal
