
Microsoft Visual Studio Solution File, Format Version 12.00
# Visual Studio 15
VisualStudioVersion = 15.0.28307.1062
MinimumVisualStudioVersion = 10.0.40219.1
Project("{FAE04EC0-301F-11D3-BF4B-00C04F79EFBC}") = "RegasmUnRegBypass", "RegasmUnRegBypass\RegasmUnRegBypass.csproj", "{CCAC65A2-7A21-48B6-AEE3-32B95F6DF031}"
EndProject
Global
	GlobalSection(SolutionConfigurationPlatforms) = preSolution
		Debug|Any CPU = Debug|Any CPU
		Release|Any CPU = Release|Any CPU
	EndGlobalSection
	GlobalSection(ProjectConfigurationPlatforms) = postSolution
		{CCAC65A2-7A21-48B6-AEE3-32B95F6DF031}.Debug|Any CPU.ActiveCfg = Debug|Any CPU
		{CCAC65A2-7A21-48B6-AEE3-32B95F6DF031}.Debug|Any CPU.Build.0 = Debug|Any CPU
		{CCAC65A2-7A21-48B6-AEE3-32B95F6DF031}.Release|Any CPU.ActiveCfg = Release|Any CPU
		{CCAC65A2-7A21-48B6-AEE3-32B95F6DF031}.Release|Any CPU.Build.0 = Release|Any CPU
	EndGlobalSection
	GlobalSection(SolutionProperties) = preSolution
		HideSolutionNode = FALSE
	EndGlobalSection
	GlobalSection(ExtensibilityGlobals) = postSolution
		SolutionGuid = {378656E5-AF19-48DB-AE9B-C16EE1B12BFF}
	EndGlobalSection
EndGlobal
