
Microsoft Visual Studio Solution File, Format Version 12.00
# Visual Studio 15
VisualStudioVersion = 15.0.28307.329
MinimumVisualStudioVersion = 10.0.40219.1
Project("{FAE04EC0-301F-11D3-BF4B-00C04F79EFBC}") = "Csharp4InstallUntil", "Csharp4InstallUntil\Csharp4InstallUntil.csproj", "{6CA998C3-5BDE-4C63-A4BE-C7106F2994B1}"
EndProject
Global
	GlobalSection(SolutionConfigurationPlatforms) = preSolution
		Debug|Any CPU = Debug|Any CPU
		Release|Any CPU = Release|Any CPU
	EndGlobalSection
	GlobalSection(ProjectConfigurationPlatforms) = postSolution
		{6CA998C3-5BDE-4C63-A4BE-C7106F2994B1}.Debug|Any CPU.ActiveCfg = Debug|Any CPU
		{6CA998C3-5BDE-4C63-A4BE-C7106F2994B1}.Debug|Any CPU.Build.0 = Debug|Any CPU
		{6CA998C3-5BDE-4C63-A4BE-C7106F2994B1}.Release|Any CPU.ActiveCfg = Release|Any CPU
		{6CA998C3-5BDE-4C63-A4BE-C7106F2994B1}.Release|Any CPU.Build.0 = Release|Any CPU
	EndGlobalSection
	GlobalSection(SolutionProperties) = preSolution
		HideSolutionNode = FALSE
	EndGlobalSection
	GlobalSection(ExtensibilityGlobals) = postSolution
		SolutionGuid = {15DA416B-F9F5-4F26-8E70-B3B8E0FDD4D0}
	EndGlobalSection
EndGlobal
