
Microsoft Visual Studio Solution File, Format Version 12.00
# Visual Studio 15
VisualStudioVersion = 15.0.28307.1062
MinimumVisualStudioVersion = 10.0.40219.1
Project("{8BC9CEB8-8B4A-11D0-8D11-00A0C91BC942}") = "Rundll32Bypass", "Rundll32Bypass\Rundll32Bypass.vcxproj", "{A168EA35-887A-4A6A-8957-E30EB8C02101}"
EndProject
Global
	GlobalSection(SolutionConfigurationPlatforms) = preSolution
		Debug|x64 = Debug|x64
		Debug|x86 = Debug|x86
		Release|x64 = Release|x64
		Release|x86 = Release|x86
	EndGlobalSection
	GlobalSection(ProjectConfigurationPlatforms) = postSolution
		{A168EA35-887A-4A6A-8957-E30EB8C02101}.Debug|x64.ActiveCfg = Debug|x64
		{A168EA35-887A-4A6A-8957-E30EB8C02101}.Debug|x64.Build.0 = Debug|x64
		{A168EA35-887A-4A6A-8957-E30EB8C02101}.Debug|x86.ActiveCfg = Debug|Win32
		{A168EA35-887A-4A6A-8957-E30EB8C02101}.Debug|x86.Build.0 = Debug|Win32
		{A168EA35-887A-4A6A-8957-E30EB8C02101}.Release|x64.ActiveCfg = Release|x64
		{A168EA35-887A-4A6A-8957-E30EB8C02101}.Release|x64.Build.0 = Release|x64
		{A168EA35-887A-4A6A-8957-E30EB8C02101}.Release|x86.ActiveCfg = Release|Win32
		{A168EA35-887A-4A6A-8957-E30EB8C02101}.Release|x86.Build.0 = Release|Win32
	EndGlobalSection
	GlobalSection(SolutionProperties) = preSolution
		HideSolutionNode = FALSE
	EndGlobalSection
	GlobalSection(ExtensibilityGlobals) = postSolution
		SolutionGuid = {EDA1A129-A394-49FC-B338-EC3D79A3ECB6}
	EndGlobalSection
EndGlobal
