
Microsoft Visual Studio Solution File, Format Version 12.00
# Visual Studio 15
VisualStudioVersion = 15.0.28307.329
MinimumVisualStudioVersion = 10.0.40219.1
Project("{8BC9CEB8-8B4A-11D0-8D11-00A0C91BC942}") = "SystemPathDmpChk", "SystemPathDmpChk\SystemPathDmpChk.vcxproj", "{1775DA51-B421-4D2A-A096-93EF93604BC9}"
EndProject
Global
	GlobalSection(SolutionConfigurationPlatforms) = preSolution
		Debug|x64 = Debug|x64
		Debug|x86 = Debug|x86
		Release|x64 = Release|x64
		Release|x86 = Release|x86
	EndGlobalSection
	GlobalSection(ProjectConfigurationPlatforms) = postSolution
		{1775DA51-B421-4D2A-A096-93EF93604BC9}.Debug|x64.ActiveCfg = Debug|x64
		{1775DA51-B421-4D2A-A096-93EF93604BC9}.Debug|x64.Build.0 = Debug|x64
		{1775DA51-B421-4D2A-A096-93EF93604BC9}.Debug|x86.ActiveCfg = Debug|Win32
		{1775DA51-B421-4D2A-A096-93EF93604BC9}.Debug|x86.Build.0 = Debug|Win32
		{1775DA51-B421-4D2A-A096-93EF93604BC9}.Release|x64.ActiveCfg = Release|x64
		{1775DA51-B421-4D2A-A096-93EF93604BC9}.Release|x64.Build.0 = Release|x64
		{1775DA51-B421-4D2A-A096-93EF93604BC9}.Release|x86.ActiveCfg = Release|Win32
		{1775DA51-B421-4D2A-A096-93EF93604BC9}.Release|x86.Build.0 = Release|Win32
	EndGlobalSection
	GlobalSection(SolutionProperties) = preSolution
		HideSolutionNode = FALSE
	EndGlobalSection
	GlobalSection(ExtensibilityGlobals) = postSolution
		SolutionGuid = {6C9C2F76-4C01-4962-B330-98237904E168}
	EndGlobalSection
EndGlobal
